// !$*UTF8*$!
{
	archiveVersion = 1;
	classes = {
	};
	objectVersion = 50;
	objects = {

/* Begin PBXBuildFile section */
		1A488447E812F21F2FEAC0C8 /* Pods_SwarajyaOBJAssignment.framework in Frameworks */ = {isa = PBXBuildFile; fileRef = 3950AED19B8E141E2B67B905 /* Pods_SwarajyaOBJAssignment.framework */; };
		C93B3173239E2970004FEF81 /* TableViewCell.m in Sources */ = {isa = PBXBuildFile; fileRef = C93B3172239E2970004FEF81 /* TableViewCell.m */; };
		C93B3176239E2A18004FEF81 /* ShowViewController.m in Sources */ = {isa = PBXBuildFile; fileRef = C93B3175239E2A18004FEF81 /* ShowViewController.m */; };
		C93B3179239E2BFC004FEF81 /* AddViewController.m in Sources */ = {isa = PBXBuildFile; fileRef = C93B3178239E2BFC004FEF81 /* AddViewController.m */; };
		C93B3188239E5EFA004FEF81 /* SqliteData.m in Sources */ = {isa = PBXBuildFile; fileRef = C93B3187239E5EFA004FEF81 /* SqliteData.m */; };
		C93B3189239E5FF6004FEF81 /* libsqlite3.0.tbd in Frameworks */ = {isa = PBXBuildFile; fileRef = C93B316D239E2720004FEF81 /* libsqlite3.0.tbd */; };
		C9C73BC2239D0652005FC2BD /* AppDelegate.m in Sources */ = {isa = PBXBuildFile; fileRef = C9C73BC1239D0652005FC2BD /* AppDelegate.m */; };
		C9C73BC5239D0652005FC2BD /* ViewController.m in Sources */ = {isa = PBXBuildFile; fileRef = C9C73BC4239D0652005FC2BD /* ViewController.m */; };
		C9C73BC8239D0652005FC2BD /* Main.storyboard in Resources */ = {isa = PBXBuildFile; fileRef = C9C73BC6239D0652005FC2BD /* Main.storyboard */; };
		C9C73BCA239D0654005FC2BD /* Assets.xcassets in Resources */ = {isa = PBXBuildFile; fileRef = C9C73BC9239D0654005FC2BD /* Assets.xcassets */; };
		C9C73BCD239D0654005FC2BD /* LaunchScreen.storyboard in Resources */ = {isa = PBXBuildFile; fileRef = C9C73BCB239D0654005FC2BD /* LaunchScreen.storyboard */; };
		C9C73BD0239D0654005FC2BD /* main.m in Sources */ = {isa = PBXBuildFile; fileRef = C9C73BCF239D0654005FC2BD /* main.m */; };
/* End PBXBuildFile section */

/* Begin PBXFileReference section */
		3950AED19B8E141E2B67B905 /* Pods_SwarajyaOBJAssignment.framework */ = {isa = PBXFileReference; explicitFileType = wrapper.framework; includeInIndex = 0; path = Pods_SwarajyaOBJAssignment.framework; sourceTree = BUILT_PRODUCTS_DIR; };
		5794F5696CB6BA657630819B /* Pods-SwarajyaOBJAssignment.debug.xcconfig */ = {isa = PBXFileReference; includeInIndex = 1; lastKnownFileType = text.xcconfig; name = "Pods-SwarajyaOBJAssignment.debug.xcconfig"; path = "Target Support Files/Pods-SwarajyaOBJAssignment/Pods-SwarajyaOBJAssignment.debug.xcconfig"; sourceTree = "<group>"; };
		C93B316D239E2720004FEF81 /* libsqlite3.0.tbd */ = {isa = PBXFileReference; lastKnownFileType = "sourcecode.text-based-dylib-definition"; name = libsqlite3.0.tbd; path = usr/lib/libsqlite3.0.tbd; sourceTree = SDKROOT; };
		C93B316F239E273B004FEF81 /* FMDB.framework */ = {isa = PBXFileReference; explicitFileType = wrapper.framework; path = FMDB.framework; sourceTree = BUILT_PRODUCTS_DIR; };
		C93B3171239E2970004FEF81 /* TableViewCell.h */ = {isa = PBXFileReference; lastKnownFileType = sourcecode.c.h; path = TableViewCell.h; sourceTree = "<group>"; };
		C93B3172239E2970004FEF81 /* TableViewCell.m */ = {isa = PBXFileReference; lastKnownFileType = sourcecode.c.objc; path = TableViewCell.m; sourceTree = "<group>"; };
		C93B3174239E2A18004FEF81 /* ShowViewController.h */ = {isa = PBXFileReference; lastKnownFileType = sourcecode.c.h; path = ShowViewController.h; sourceTree = "<group>"; };
		C93B3175239E2A18004FEF81 /* ShowViewController.m */ = {isa = PBXFileReference; lastKnownFileType = sourcecode.c.objc; path = ShowViewController.m; sourceTree = "<group>"; };
		C93B3177239E2BFC004FEF81 /* AddViewController.h */ = {isa = PBXFileReference; lastKnownFileType = sourcecode.c.h; path = AddViewController.h; sourceTree = "<group>"; };
		C93B3178239E2BFC004FEF81 /* AddViewController.m */ = {isa = PBXFileReference; lastKnownFileType = sourcecode.c.objc; path = AddViewController.m; sourceTree = "<group>"; };
		C93B3186239E5EFA004FEF81 /* SqliteData.h */ = {isa = PBXFileReference; lastKnownFileType = sourcecode.c.h; path = SqliteData.h; sourceTree = "<group>"; };
		C93B3187239E5EFA004FEF81 /* SqliteData.m */ = {isa = PBXFileReference; lastKnownFileType = sourcecode.c.objc; path = SqliteData.m; sourceTree = "<group>"; };
		C9C73BBD239D0652005FC2BD /* SwarajyaOBJAssignment.app */ = {isa = PBXFileReference; explicitFileType = wrapper.application; includeInIndex = 0; path = SwarajyaOBJAssignment.app; sourceTree = BUILT_PRODUCTS_DIR; };
		C9C73BC0239D0652005FC2BD /* AppDelegate.h */ = {isa = PBXFileReference; lastKnownFileType = sourcecode.c.h; path = AppDelegate.h; sourceTree = "<group>"; };
		C9C73BC1239D0652005FC2BD /* AppDelegate.m */ = {isa = PBXFileReference; lastKnownFileType = sourcecode.c.objc; path = AppDelegate.m; sourceTree = "<group>"; };
		C9C73BC3239D0652005FC2BD /* ViewController.h */ = {isa = PBXFileReference; lastKnownFileType = sourcecode.c.h; path = ViewController.h; sourceTree = "<group>"; };
		C9C73BC4239D0652005FC2BD /* ViewController.m */ = {isa = PBXFileReference; lastKnownFileType = sourcecode.c.objc; path = ViewController.m; sourceTree = "<group>"; };
		C9C73BC7239D0652005FC2BD /* Base */ = {isa = PBXFileReference; lastKnownFileType = file.storyboard; name = Base; path = Base.lproj/Main.storyboard; sourceTree = "<group>"; };
		C9C73BC9239D0654005FC2BD /* Assets.xcassets */ = {isa = PBXFileReference; lastKnownFileType = folder.assetcatalog; path = Assets.xcassets; sourceTree = "<group>"; };
		C9C73BCC239D0654005FC2BD /* Base */ = {isa = PBXFileReference; lastKnownFileType = file.storyboard; name = Base; path = Base.lproj/LaunchScreen.storyboard; sourceTree = "<group>"; };
		C9C73BCE239D0654005FC2BD /* Info.plist */ = {isa = PBXFileReference; lastKnownFileType = text.plist.xml; path = Info.plist; sourceTree = "<group>"; };
		C9C73BCF239D0654005FC2BD /* main.m */ = {isa = PBXFileReference; lastKnownFileType = sourcecode.c.objc; path = main.m; sourceTree = "<group>"; };
		C9C73BD7239D0666005FC2BD /* libsqlite3.tbd */ = {isa = PBXFileReference; lastKnownFileType = "sourcecode.text-based-dylib-definition"; name = libsqlite3.tbd; path = usr/lib/libsqlite3.tbd; sourceTree = SDKROOT; };
		FCB76D38ADE9C2011CEF2B36 /* Pods-SwarajyaOBJAssignment.release.xcconfig */ = {isa = PBXFileReference; includeInIndex = 1; lastKnownFileType = text.xcconfig; name = "Pods-SwarajyaOBJAssignment.release.xcconfig"; path = "Target Support Files/Pods-SwarajyaOBJAssignment/Pods-SwarajyaOBJAssignment.release.xcconfig"; sourceTree = "<group>"; };
/* End PBXFileReference section */

/* Begin PBXFrameworksBuildPhase section */
		C9C73BBA239D0652005FC2BD /* Frameworks */ = {
			isa = PBXFrameworksBuildPhase;
			buildActionMask = 2147483647;
			files = (
				C93B3189239E5FF6004FEF81 /* libsqlite3.0.tbd in Frameworks */,
				1A488447E812F21F2FEAC0C8 /* Pods_SwarajyaOBJAssignment.framework in Frameworks */,
			);
			runOnlyForDeploymentPostprocessing = 0;
		};
/* End PBXFrameworksBuildPhase section */

/* Begin PBXGroup section */
		942B5FB7739BA207DAECC547 /* Pods */ = {
			isa = PBXGroup;
			children = (
				5794F5696CB6BA657630819B /* Pods-SwarajyaOBJAssignment.debug.xcconfig */,
				FCB76D38ADE9C2011CEF2B36 /* Pods-SwarajyaOBJAssignment.release.xcconfig */,
			);
			path = Pods;
			sourceTree = "<group>";
		};
		C998ADB9239F9E8C00199D40 /* Model */ = {
			isa = PBXGroup;
			children = (
				C93B3187239E5EFA004FEF81 /* SqliteData.m */,
				C93B3186239E5EFA004FEF81 /* SqliteData.h */,
			);
			path = Model;
			sourceTree = "<group>";
		};
		C998ADBA239F9EC500199D40 /* View */ = {
			isa = PBXGroup;
			children = (
				C93B3171239E2970004FEF81 /* TableViewCell.h */,
				C93B3172239E2970004FEF81 /* TableViewCell.m */,
				C9C73BC6239D0652005FC2BD /* Main.storyboard */,
				C9C73BC0239D0652005FC2BD /* AppDelegate.h */,
				C9C73BC1239D0652005FC2BD /* AppDelegate.m */,
			);
			path = View;
			sourceTree = "<group>";
		};
		C998ADBB239F9F0000199D40 /* Controller */ = {
			isa = PBXGroup;
			children = (
				C9C73BC3239D0652005FC2BD /* ViewController.h */,
				C9C73BC4239D0652005FC2BD /* ViewController.m */,
				C93B3174239E2A18004FEF81 /* ShowViewController.h */,
				C93B3175239E2A18004FEF81 /* ShowViewController.m */,
				C93B3177239E2BFC004FEF81 /* AddViewController.h */,
				C93B3178239E2BFC004FEF81 /* AddViewController.m */,
			);
			path = Controller;
			sourceTree = "<group>";
		};
		C9C73BB4239D0652005FC2BD = {
			isa = PBXGroup;
			children = (
				C9C73BBF239D0652005FC2BD /* SwarajyaOBJAssignment */,
				C9C73BBE239D0652005FC2BD /* Products */,
				C9C73BD6239D0666005FC2BD /* Frameworks */,
				942B5FB7739BA207DAECC547 /* Pods */,
			);
			sourceTree = "<group>";
		};
		C9C73BBE239D0652005FC2BD /* Products */ = {
			isa = PBXGroup;
			children = (
				C9C73BBD239D0652005FC2BD /* SwarajyaOBJAssignment.app */,
			);
			name = Products;
			sourceTree = "<group>";
		};
		C9C73BBF239D0652005FC2BD /* SwarajyaOBJAssignment */ = {
			isa = PBXGroup;
			children = (
				C998ADBB239F9F0000199D40 /* Controller */,
				C998ADBA239F9EC500199D40 /* View */,
				C998ADB9239F9E8C00199D40 /* Model */,
				C9C73BC9239D0654005FC2BD /* Assets.xcassets */,
				C9C73BCB239D0654005FC2BD /* LaunchScreen.storyboard */,
				C9C73BCE239D0654005FC2BD /* Info.plist */,
				C9C73BCF239D0654005FC2BD /* main.m */,
			);
			path = SwarajyaOBJAssignment;
			sourceTree = "<group>";
		};
		C9C73BD6239D0666005FC2BD /* Frameworks */ = {
			isa = PBXGroup;
			children = (
				C93B316F239E273B004FEF81 /* FMDB.framework */,
				C93B316D239E2720004FEF81 /* libsqlite3.0.tbd */,
				C9C73BD7239D0666005FC2BD /* libsqlite3.tbd */,
				3950AED19B8E141E2B67B905 /* Pods_SwarajyaOBJAssignment.framework */,
			);
			name = Frameworks;
			sourceTree = "<group>";
		};
/* End PBXGroup section */

/* Begin PBXNativeTarget section */
		C9C73BBC239D0652005FC2BD /* SwarajyaOBJAssignment */ = {
			isa = PBXNativeTarget;
			buildConfigurationList = C9C73BD3239D0654005FC2BD /* Build configuration list for PBXNativeTarget "SwarajyaOBJAssignment" */;
			buildPhases = (
				ACCD7F685A9DBF75234E5A97 /* [CP] Check Pods Manifest.lock */,
				C9C73BB9239D0652005FC2BD /* Sources */,
				C9C73BBA239D0652005FC2BD /* Frameworks */,
				C9C73BBB239D0652005FC2BD /* Resources */,
			);
			buildRules = (
			);
			dependencies = (
			);
			name = SwarajyaOBJAssignment;
			productName = SwarajyaOBJAssignment;
			productReference = C9C73BBD239D0652005FC2BD /* SwarajyaOBJAssignment.app */;
			productType = "com.apple.product-type.application";
		};
/* End PBXNativeTarget section */

/* Begin PBXProject section */
		C9C73BB5239D0652005FC2BD /* Project object */ = {
			isa = PBXProject;
			attributes = {
				LastUpgradeCheck = 1030;
				ORGANIZATIONNAME = "Vivek Thakur";
				TargetAttributes = {
					C9C73BBC239D0652005FC2BD = {
						CreatedOnToolsVersion = 10.3;
					};
				};
			};
			buildConfigurationList = C9C73BB8239D0652005FC2BD /* Build configuration list for PBXProject "SwarajyaOBJAssignment" */;
			compatibilityVersion = "Xcode 9.3";
			developmentRegion = en;
			hasScannedForEncodings = 0;
			knownRegions = (
				en,
				Base,
			);
			mainGroup = C9C73BB4239D0652005FC2BD;
			productRefGroup = C9C73BBE239D0652005FC2BD /* Products */;
			projectDirPath = "";
			projectRoot = "";
			targets = (
				C9C73BBC239D0652005FC2BD /* SwarajyaOBJAssignment */,
			);
		};
/* End PBXProject section */

/* Begin PBXResourcesBuildPhase section */
		C9C73BBB239D0652005FC2BD /* Resources */ = {
			isa = PBXResourcesBuildPhase;
			buildActionMask = 2147483647;
			files = (
				C9C73BCD239D0654005FC2BD /* LaunchScreen.storyboard in Resources */,
				C9C73BCA239D0654005FC2BD /* Assets.xcassets in Resources */,
				C9C73BC8239D0652005FC2BD /* Main.storyboard in Resources */,
			);
			runOnlyForDeploymentPostprocessing = 0;
		};
/* End PBXResourcesBuildPhase section */

/* Begin PBXShellScriptBuildPhase section */
		ACCD7F685A9DBF75234E5A97 /* [CP] Check Pods Manifest.lock */ = {
			isa = PBXShellScriptBuildPhase;
			buildActionMask = 2147483647;
			files = (
			);
			inputFileListPaths = (
			);
			inputPaths = (
				"${PODS_PODFILE_DIR_PATH}/Podfile.lock",
				"${PODS_ROOT}/Manifest.lock",
			);
			name = "[CP] Check Pods Manifest.lock";
			outputFileListPaths = (
			);
			outputPaths = (
				"$(DERIVED_FILE_DIR)/Pods-SwarajyaOBJAssignment-checkManifestLockResult.txt",
			);
			runOnlyForDeploymentPostprocessing = 0;
			shellPath = /bin/sh;
			shellScript = "diff \"${PODS_PODFILE_DIR_PATH}/Podfile.lock\" \"${PODS_ROOT}/Manifest.lock\" > /dev/null\nif [ $? != 0 ] ; then\n    # print error to STDERR\n    echo \"error: The sandbox is not in sync with the Podfile.lock. Run 'pod install' or update your CocoaPods installation.\" >&2\n    exit 1\nfi\n# This output is used by Xcode 'outputs' to avoid re-running this script phase.\necho \"SUCCESS\" > \"${SCRIPT_OUTPUT_FILE_0}\"\n";
			showEnvVarsInLog = 0;
		};
/* End PBXShellScriptBuildPhase section */

/* Begin PBXSourcesBuildPhase section */
		C9C73BB9239D0652005FC2BD /* Sources */ = {
			isa = PBXSourcesBuildPhase;
			buildActionMask = 2147483647;
			files = (
				C9C73BC5239D0652005FC2BD /* ViewController.m in Sources */,
				C93B3176239E2A18004FEF81 /* ShowViewController.m in Sources */,
				C93B3179239E2BFC004FEF81 /* AddViewController.m in Sources */,
				C93B3173239E2970004FEF81 /* TableViewCell.m in Sources */,
				C9C73BD0239D0654005FC2BD /* main.m in Sources */,
				C93B3188239E5EFA004FEF81 /* SqliteData.m in Sources */,
				C9C73BC2239D0652005FC2BD /* AppDelegate.m in Sources */,
			);
			runOnlyForDeploymentPostprocessing = 0;
		};
/* End PBXSourcesBuildPhase section */

/* Begin PBXVariantGroup section */
		C9C73BC6239D0652005FC2BD /* Main.storyboard */ = {
			isa = PBXVariantGroup;
			children = (
				C9C73BC7239D0652005FC2BD /* Base */,
			);
			name = Main.storyboard;
			sourceTree = "<group>";
		};
		C9C73BCB239D0654005FC2BD /* LaunchScreen.storyboard */ = {
			isa = PBXVariantGroup;
			children = (
				C9C73BCC239D0654005FC2BD /* Base */,
			);
			name = LaunchScreen.storyboard;
			sourceTree = "<group>";
		};
/* End PBXVariantGroup section */

/* Begin XCBuildConfiguration section */
		C9C73BD1239D0654005FC2BD /* Debug */ = {
			isa = XCBuildConfiguration;
			buildSettings = {
				ALWAYS_SEARCH_USER_PATHS = NO;
				CLANG_ANALYZER_NONNULL = YES;
				CLANG_ANALYZER_NUMBER_OBJECT_CONVERSION = YES_AGGRESSIVE;
				CLANG_CXX_LANGUAGE_STANDARD = "gnu++14";
				CLANG_CXX_LIBRARY = "libc++";
				CLANG_ENABLE_MODULES = YES;
				CLANG_ENABLE_OBJC_ARC = YES;
				CLANG_ENABLE_OBJC_WEAK = YES;
				CLANG_WARN_BLOCK_CAPTURE_AUTORELEASING = YES;
				CLANG_WARN_BOOL_CONVERSION = YES;
				CLANG_WARN_COMMA = YES;
				CLANG_WARN_CONSTANT_CONVERSION = YES;
				CLANG_WARN_DEPRECATED_OBJC_IMPLEMENTATIONS = YES;
				CLANG_WARN_DIRECT_OBJC_ISA_USAGE = YES_ERROR;
				CLANG_WARN_DOCUMENTATION_COMMENTS = YES;
				CLANG_WARN_EMPTY_BODY = YES;
				CLANG_WARN_ENUM_CONVERSION = YES;
				CLANG_WARN_INFINITE_RECURSION = YES;
				CLANG_WARN_INT_CONVERSION = YES;
				CLANG_WARN_NON_LITERAL_NULL_CONVERSION = YES;
				CLANG_WARN_OBJC_IMPLICIT_RETAIN_SELF = YES;
				CLANG_WARN_OBJC_LITERAL_CONVERSION = YES;
				CLANG_WARN_OBJC_ROOT_CLASS = YES_ERROR;
				CLANG_WARN_RANGE_LOOP_ANALYSIS = YES;
				CLANG_WARN_STRICT_PROTOTYPES = YES;
				CLANG_WARN_SUSPICIOUS_MOVE = YES;
				CLANG_WARN_UNGUARDED_AVAILABILITY = YES_AGGRESSIVE;
				CLANG_WARN_UNREACHABLE_CODE = YES;
				CLANG_WARN__DUPLICATE_METHOD_MATCH = YES;
				CODE_SIGN_IDENTITY = "iPhone Developer";
				COPY_PHASE_STRIP = NO;
				DEBUG_INFORMATION_FORMAT = dwarf;
				ENABLE_STRICT_OBJC_MSGSEND = YES;
				ENABLE_TESTABILITY = YES;
				GCC_C_LANGUAGE_STANDARD = gnu11;
				GCC_DYNAMIC_NO_PIC = NO;
				GCC_NO_COMMON_BLOCKS = YES;
				GCC_OPTIMIZATION_LEVEL = 0;
				GCC_PREPROCESSOR_DEFINITIONS = (
					"DEBUG=1",
					"$(inherited)",
				);
				GCC_WARN_64_TO_32_BIT_CONVERSION = YES;
				GCC_WARN_ABOUT_RETURN_TYPE = YES_ERROR;
				GCC_WARN_UNDECLARED_SELECTOR = YES;
				GCC_WARN_UNINITIALIZED_AUTOS = YES_AGGRESSIVE;
				GCC_WARN_UNUSED_FUNCTION = YES;
				GCC_WARN_UNUSED_VARIABLE = YES;
				IPHONEOS_DEPLOYMENT_TARGET = 12.4;
				MTL_ENABLE_DEBUG_INFO = INCLUDE_SOURCE;
				MTL_FAST_MATH = YES;
				ONLY_ACTIVE_ARCH = YES;
				SDKROOT = iphoneos;
			};
			name = Debug;
		};
		C9C73BD2239D0654005FC2BD /* Release */ = {
			isa = XCBuildConfiguration;
			buildSettings = {
				ALWAYS_SEARCH_USER_PATHS = NO;
				CLANG_ANALYZER_NONNULL = YES;
				CLANG_ANALYZER_NUMBER_OBJECT_CONVERSION = YES_AGGRESSIVE;
				CLANG_CXX_LANGUAGE_STANDARD = "gnu++14";
				CLANG_CXX_LIBRARY = "libc++";
				CLANG_ENABLE_MODULES = YES;
				CLANG_ENABLE_OBJC_ARC = YES;
				CLANG_ENABLE_OBJC_WEAK = YES;
				CLANG_WARN_BLOCK_CAPTURE_AUTORELEASING = YES;
				CLANG_WARN_BOOL_CONVERSION = YES;
				CLANG_WARN_COMMA = YES;
				CLANG_WARN_CONSTANT_CONVERSION = YES;
				CLANG_WARN_DEPRECATED_OBJC_IMPLEMENTATIONS = YES;
				CLANG_WARN_DIRECT_OBJC_ISA_USAGE = YES_ERROR;
				CLANG_WARN_DOCUMENTATION_COMMENTS = YES;
				CLANG_WARN_EMPTY_BODY = YES;
				CLANG_WARN_ENUM_CONVERSION = YES;
				CLANG_WARN_INFINITE_RECURSION = YES;
				CLANG_WARN_INT_CONVERSION = YES;
				CLANG_WARN_NON_LITERAL_NULL_CONVERSION = YES;
				CLANG_WARN_OBJC_IMPLICIT_RETAIN_SELF = YES;
				CLANG_WARN_OBJC_LITERAL_CONVERSION = YES;
				CLANG_WARN_OBJC_ROOT_CLASS = YES_ERROR;
				CLANG_WARN_RANGE_LOOP_ANALYSIS = YES;
				CLANG_WARN_STRICT_PROTOTYPES = YES;
				CLANG_WARN_SUSPICIOUS_MOVE = YES;
				CLANG_WARN_UNGUARDED_AVAILABILITY = YES_AGGRESSIVE;
				CLANG_WARN_UNREACHABLE_CODE = YES;
				CLANG_WARN__DUPLICATE_METHOD_MATCH = YES;
				CODE_SIGN_IDENTITY = "iPhone Developer";
				COPY_PHASE_STRIP = NO;
				DEBUG_INFORMATION_FORMAT = "dwarf-with-dsym";
				ENABLE_NS_ASSERTIONS = NO;
				ENABLE_STRICT_OBJC_MSGSEND = YES;
				GCC_C_LANGUAGE_STANDARD = gnu11;
				GCC_NO_COMMON_BLOCKS = YES;
				GCC_WARN_64_TO_32_BIT_CONVERSION = YES;
				GCC_WARN_ABOUT_RETURN_TYPE = YES_ERROR;
				GCC_WARN_UNDECLARED_SELECTOR = YES;
				GCC_WARN_UNINITIALIZED_AUTOS = YES_AGGRESSIVE;
				GCC_WARN_UNUSED_FUNCTION = YES;
				GCC_WARN_UNUSED_VARIABLE = YES;
				IPHONEOS_DEPLOYMENT_TARGET = 12.4;
				MTL_ENABLE_DEBUG_INFO = NO;
				MTL_FAST_MATH = YES;
				SDKROOT = iphoneos;
				VALIDATE_PRODUCT = YES;
			};
			name = Release;
		};
		C9C73BD4239D0654005FC2BD /* Debug */ = {
			isa = XCBuildConfiguration;
			baseConfigurationReference = 5794F5696CB6BA657630819B /* Pods-SwarajyaOBJAssignment.debug.xcconfig */;
			buildSettings = {
				ASSETCATALOG_COMPILER_APPICON_NAME = AppIcon;
				CODE_SIGN_STYLE = Automatic;
				DEVELOPMENT_TEAM = FRLWXNN9WN;
				INFOPLIST_FILE = SwarajyaOBJAssignment/Info.plist;
				LD_RUNPATH_SEARCH_PATHS = (
					"$(inherited)",
					"@executable_path/Frameworks",
				);
				PRODUCT_BUNDLE_IDENTIFIER = Vivek.thakur.SwarajyaOBJAssignment;
				PRODUCT_NAME = "$(TARGET_NAME)";
				TARGETED_DEVICE_FAMILY = "1,2";
			};
			name = Debug;
		};
		C9C73BD5239D0654005FC2BD /* Release */ = {
			isa = XCBuildConfiguration;
			baseConfigurationReference = FCB76D38ADE9C2011CEF2B36 /* Pods-SwarajyaOBJAssignment.release.xcconfig */;
			buildSettings = {
				ASSETCATALOG_COMPILER_APPICON_NAME = AppIcon;
				CODE_SIGN_STYLE = Automatic;
				DEVELOPMENT_TEAM = FRLWXNN9WN;
				INFOPLIST_FILE = SwarajyaOBJAssignment/Info.plist;
				LD_RUNPATH_SEARCH_PATHS = (
					"$(inherited)",
					"@executable_path/Frameworks",
				);
				PRODUCT_BUNDLE_IDENTIFIER = Vivek.thakur.SwarajyaOBJAssignment;
				PRODUCT_NAME = "$(TARGET_NAME)";
				TARGETED_DEVICE_FAMILY = "1,2";
			};
			name = Release;
		};
/* End XCBuildConfiguration section */

/* Begin XCConfigurationList section */
		C9C73BB8239D0652005FC2BD /* Build configuration list for PBXProject "SwarajyaOBJAssignment" */ = {
			isa = XCConfigurationList;
			buildConfigurations = (
				C9C73BD1239D0654005FC2BD /* Debug */,
				C9C73BD2239D0654005FC2BD /* Release */,
			);
			defaultConfigurationIsVisible = 0;
			defaultConfigurationName = Release;
		};
		C9C73BD3239D0654005FC2BD /* Build configuration list for PBXNativeTarget "SwarajyaOBJAssignment" */ = {
			isa = XCConfigurationList;
			buildConfigurations = (
				C9C73BD4239D0654005FC2BD /* Debug */,
				C9C73BD5239D0654005FC2BD /* Release */,
			);
			defaultConfigurationIsVisible = 0;
			defaultConfigurationName = Release;
		};
/* End XCConfigurationList section */
	};
	rootObject = C9C73BB5239D0652005FC2BD /* Project object */;
}
